// !$*UTF8*$!
{
	archiveVersion = 1;
	classes = {
	};
	objectVersion = 51;
	objects = {

/* Begin PBXBuildFile section */
		0A8D6BA72615E7ED00F538C6 /* Data.m in Sources */ = {isa = PBXBuildFile; fileRef = 0A8D6BA62615E7ED00F538C6 /* Data.m */; };
		0A8D6BAB2615EAD000F538C6 /* NetworkInfo.m in Sources */ = {isa = PBXBuildFile; fileRef = 0A8D6BAA2615EAD000F538C6 /* NetworkInfo.m */; };
		0ACA7517261595F600A1A5FD /* AppDelegate.m in Sources */ = {isa = PBXBuildFile; fileRef = 0ACA7516261595F600A1A5FD /* AppDelegate.m */; };
		0ACA751A261595F600A1A5FD /* SceneDelegate.m in Sources */ = {isa = PBXBuildFile; fileRef = 0ACA7519261595F600A1A5FD /* SceneDelegate.m */; };
		0ACA751D261595F600A1A5FD /* ViewController.m in Sources */ = {isa = PBXBuildFile; fileRef = 0ACA751C261595F600A1A5FD /* ViewController.m */; };
		0ACA7520261595F600A1A5FD /* Main.storyboard in Resources */ = {isa = PBXBuildFile; fileRef = 0ACA751E261595F600A1A5FD /* Main.storyboard */; };
		0ACA7522261595F700A1A5FD /* Assets.xcassets in Resources */ = {isa = PBXBuildFile; fileRef = 0ACA7521261595F700A1A5FD /* Assets.xcassets */; };
		0ACA7525261595F700A1A5FD /* LaunchScreen.storyboard in Resources */ = {isa = PBXBuildFile; fileRef = 0ACA7523261595F700A1A5FD /* LaunchScreen.storyboard */; };
		0ACA7528261595F700A1A5FD /* main.m in Sources */ = {isa = PBXBuildFile; fileRef = 0ACA7527261595F700A1A5FD /* main.m */; };
		0AD6B9812616F20F00EAB63C /* DisplayViewController.m in Sources */ = {isa = PBXBuildFile; fileRef = 0AD6B9802616F20F00EAB63C /* DisplayViewController.m */; };
		142F7C3C9A5266392A2333B3 /* Pods_SSID_Demo.framework in Frameworks */ = {isa = PBXBuildFile; fileRef = 237BFE6A6492E0F51688426C /* Pods_SSID_Demo.framework */; };
/* End PBXBuildFile section */

/* Begin PBXFileReference section */
		0A8D6BA52615E7ED00F538C6 /* Data.h */ = {isa = PBXFileReference; lastKnownFileType = sourcecode.c.h; path = Data.h; sourceTree = "<group>"; };
		0A8D6BA62615E7ED00F538C6 /* Data.m */ = {isa = PBXFileReference; lastKnownFileType = sourcecode.c.objc; path = Data.m; sourceTree = "<group>"; };
		0A8D6BA92615EAD000F538C6 /* NetworkInfo.h */ = {isa = PBXFileReference; lastKnownFileType = sourcecode.c.h; path = NetworkInfo.h; sourceTree = "<group>"; };
		0A8D6BAA2615EAD000F538C6 /* NetworkInfo.m */ = {isa = PBXFileReference; lastKnownFileType = sourcecode.c.objc; path = NetworkInfo.m; sourceTree = "<group>"; };
		0ACA7512261595F600A1A5FD /* SSID Demo.app */ = {isa = PBXFileReference; explicitFileType = wrapper.application; includeInIndex = 0; path = "SSID Demo.app"; sourceTree = BUILT_PRODUCTS_DIR; };
		0ACA7515261595F600A1A5FD /* AppDelegate.h */ = {isa = PBXFileReference; lastKnownFileType = sourcecode.c.h; path = AppDelegate.h; sourceTree = "<group>"; };
		0ACA7516261595F600A1A5FD /* AppDelegate.m */ = {isa = PBXFileReference; lastKnownFileType = sourcecode.c.objc; path = AppDelegate.m; sourceTree = "<group>"; };
		0ACA7518261595F600A1A5FD /* SceneDelegate.h */ = {isa = PBXFileReference; lastKnownFileType = sourcecode.c.h; path = SceneDelegate.h; sourceTree = "<group>"; };
		0ACA7519261595F600A1A5FD /* SceneDelegate.m */ = {isa = PBXFileReference; lastKnownFileType = sourcecode.c.objc; path = SceneDelegate.m; sourceTree = "<group>"; };
		0ACA751B261595F600A1A5FD /* ViewController.h */ = {isa = PBXFileReference; lastKnownFileType = sourcecode.c.h; path = ViewController.h; sourceTree = "<group>"; };
		0ACA751C261595F600A1A5FD /* ViewController.m */ = {isa = PBXFileReference; lastKnownFileType = sourcecode.c.objc; path = ViewController.m; sourceTree = "<group>"; };
		0ACA751F261595F600A1A5FD /* Base */ = {isa = PBXFileReference; lastKnownFileType = file.storyboard; name = Base; path = Base.lproj/Main.storyboard; sourceTree = "<group>"; };
		0ACA7521261595F700A1A5FD /* Assets.xcassets */ = {isa = PBXFileReference; lastKnownFileType = folder.assetcatalog; path = Assets.xcassets; sourceTree = "<group>"; };
		0ACA7524261595F700A1A5FD /* Base */ = {isa = PBXFileReference; lastKnownFileType = file.storyboard; name = Base; path = Base.lproj/LaunchScreen.storyboard; sourceTree = "<group>"; };
		0ACA7526261595F700A1A5FD /* Info.plist */ = {isa = PBXFileReference; lastKnownFileType = text.plist.xml; path = Info.plist; sourceTree = "<group>"; };
		0ACA7527261595F700A1A5FD /* main.m */ = {isa = PBXFileReference; lastKnownFileType = sourcecode.c.objc; path = main.m; sourceTree = "<group>"; };
		0ACA75302615963F00A1A5FD /* SSID Demo.entitlements */ = {isa = PBXFileReference; lastKnownFileType = text.plist.entitlements; path = "SSID Demo.entitlements"; sourceTree = "<group>"; };
		0AD6B97F2616F20F00EAB63C /* DisplayViewController.h */ = {isa = PBXFileReference; lastKnownFileType = sourcecode.c.h; path = DisplayViewController.h; sourceTree = "<group>"; };
		0AD6B9802616F20F00EAB63C /* DisplayViewController.m */ = {isa = PBXFileReference; lastKnownFileType = sourcecode.c.objc; path = DisplayViewController.m; sourceTree = "<group>"; };
		237BFE6A6492E0F51688426C /* Pods_SSID_Demo.framework */ = {isa = PBXFileReference; explicitFileType = wrapper.framework; includeInIndex = 0; path = Pods_SSID_Demo.framework; sourceTree = BUILT_PRODUCTS_DIR; };
		644152AEF711EE450304CBF2 /* Pods-SSID Demo.release.xcconfig */ = {isa = PBXFileReference; includeInIndex = 1; lastKnownFileType = text.xcconfig; name = "Pods-SSID Demo.release.xcconfig"; path = "Target Support Files/Pods-SSID Demo/Pods-SSID Demo.release.xcconfig"; sourceTree = "<group>"; };
		E05CDDAE82F6D13EA7F7B5AC /* Pods-SSID Demo.debug.xcconfig */ = {isa = PBXFileReference; includeInIndex = 1; lastKnownFileType = text.xcconfig; name = "Pods-SSID Demo.debug.xcconfig"; path = "Target Support Files/Pods-SSID Demo/Pods-SSID Demo.debug.xcconfig"; sourceTree = "<group>"; };
/* End PBXFileReference section */

/* Begin PBXFrameworksBuildPhase section */
		0ACA750F261595F600A1A5FD /* Frameworks */ = {
			isa = PBXFrameworksBuildPhase;
			buildActionMask = 2147483647;
			files = (
				142F7C3C9A5266392A2333B3 /* Pods_SSID_Demo.framework in Frameworks */,
			);
			runOnlyForDeploymentPostprocessing = 0;
		};
/* End PBXFrameworksBuildPhase section */

/* Begin PBXGroup section */
		0ACA7509261595F600A1A5FD = {
			isa = PBXGroup;
			children = (
				0ACA7514261595F600A1A5FD /* SSID Demo */,
				0ACA7513261595F600A1A5FD /* Products */,
				42026918A5AA5DC25E684B7C /* Pods */,
				96190E2E6AFA2307C9E90750 /* Frameworks */,
			);
			sourceTree = "<group>";
		};
		0ACA7513261595F600A1A5FD /* Products */ = {
			isa = PBXGroup;
			children = (
				0ACA7512261595F600A1A5FD /* SSID Demo.app */,
			);
			name = Products;
			sourceTree = "<group>";
		};
		0ACA7514261595F600A1A5FD /* SSID Demo */ = {
			isa = PBXGroup;
			children = (
				0ACA75302615963F00A1A5FD /* SSID Demo.entitlements */,
				0ACA7515261595F600A1A5FD /* AppDelegate.h */,
				0ACA7516261595F600A1A5FD /* AppDelegate.m */,
				0ACA7518261595F600A1A5FD /* SceneDelegate.h */,
				0ACA7519261595F600A1A5FD /* SceneDelegate.m */,
				0A8D6BA92615EAD000F538C6 /* NetworkInfo.h */,
				0A8D6BAA2615EAD000F538C6 /* NetworkInfo.m */,
				0A8D6BA52615E7ED00F538C6 /* Data.h */,
				0A8D6BA62615E7ED00F538C6 /* Data.m */,
				0ACA751B261595F600A1A5FD /* ViewController.h */,
				0ACA751C261595F600A1A5FD /* ViewController.m */,
				0AD6B97F2616F20F00EAB63C /* DisplayViewController.h */,
				0AD6B9802616F20F00EAB63C /* DisplayViewController.m */,
				0ACA751E261595F600A1A5FD /* Main.storyboard */,
				0ACA7521261595F700A1A5FD /* Assets.xcassets */,
				0ACA7523261595F700A1A5FD /* LaunchScreen.storyboard */,
				0ACA7526261595F700A1A5FD /* Info.plist */,
				0ACA7527261595F700A1A5FD /* main.m */,
			);
			path = "SSID Demo";
			sourceTree = "<group>";
		};
		42026918A5AA5DC25E684B7C /* Pods */ = {
			isa = PBXGroup;
			children = (
				E05CDDAE82F6D13EA7F7B5AC /* Pods-SSID Demo.debug.xcconfig */,
				644152AEF711EE450304CBF2 /* Pods-SSID Demo.release.xcconfig */,
			);
			path = Pods;
			sourceTree = "<group>";
		};
		96190E2E6AFA2307C9E90750 /* Frameworks */ = {
			isa = PBXGroup;
			children = (
				237BFE6A6492E0F51688426C /* Pods_SSID_Demo.framework */,
			);
			name = Frameworks;
			sourceTree = "<group>";
		};
/* End PBXGroup section */

/* Begin PBXNativeTarget section */
		0ACA7511261595F600A1A5FD /* SSID Demo */ = {
			isa = PBXNativeTarget;
			buildConfigurationList = 0ACA752B261595F700A1A5FD /* Build configuration list for PBXNativeTarget "SSID Demo" */;
			buildPhases = (
				AAE182216CF1E6447BCA08B5 /* [CP] Check Pods Manifest.lock */,
				0ACA750E261595F600A1A5FD /* Sources */,
				0ACA750F261595F600A1A5FD /* Frameworks */,
				0ACA7510261595F600A1A5FD /* Resources */,
				D448EF74E0A035C37EE28BD8 /* [CP] Embed Pods Frameworks */,
			);
			buildRules = (
			);
			dependencies = (
			);
			name = "SSID Demo";
			productName = "SSID Demo";
			productReference = 0ACA7512261595F600A1A5FD /* SSID Demo.app */;
			productType = "com.apple.product-type.application";
		};
/* End PBXNativeTarget section */

/* Begin PBXProject section */
		0ACA750A261595F600A1A5FD /* Project object */ = {
			isa = PBXProject;
			attributes = {
				LastUpgradeCheck = 1240;
				TargetAttributes = {
					0ACA7511261595F600A1A5FD = {
						CreatedOnToolsVersion = 12.4;
					};
				};
			};
			buildConfigurationList = 0ACA750D261595F600A1A5FD /* Build configuration list for PBXProject "SSID Demo" */;
			compatibilityVersion = "Xcode 9.3";
			developmentRegion = en;
			hasScannedForEncodings = 0;
			knownRegions = (
				en,
				Base,
			);
			mainGroup = 0ACA7509261595F600A1A5FD;
			productRefGroup = 0ACA7513261595F600A1A5FD /* Products */;
			projectDirPath = "";
			projectRoot = "";
			targets = (
				0ACA7511261595F600A1A5FD /* SSID Demo */,
			);
		};
/* End PBXProject section */

/* Begin PBXResourcesBuildPhase section */
		0ACA7510261595F600A1A5FD /* Resources */ = {
			isa = PBXResourcesBuildPhase;
			buildActionMask = 2147483647;
			files = (
				0ACA7525261595F700A1A5FD /* LaunchScreen.storyboard in Resources */,
				0ACA7522261595F700A1A5FD /* Assets.xcassets in Resources */,
				0ACA7520261595F600A1A5FD /* Main.storyboard in Resources */,
			);
			runOnlyForDeploymentPostprocessing = 0;
		};
/* End PBXResourcesBuildPhase section */

/* Begin PBXShellScriptBuildPhase section */
		AAE182216CF1E6447BCA08B5 /* [CP] Check Pods Manifest.lock */ = {
			isa = PBXShellScriptBuildPhase;
			buildActionMask = 2147483647;
			files = (
			);
			inputFileListPaths = (
			);
			inputPaths = (
				"${PODS_PODFILE_DIR_PATH}/Podfile.lock",
				"${PODS_ROOT}/Manifest.lock",
			);
			name = "[CP] Check Pods Manifest.lock";
			outputFileListPaths = (
			);
			outputPaths = (
				"$(DERIVED_FILE_DIR)/Pods-SSID Demo-checkManifestLockResult.txt",
			);
			runOnlyForDeploymentPostprocessing = 0;
			shellPath = /bin/sh;
			shellScript = "diff \"${PODS_PODFILE_DIR_PATH}/Podfile.lock\" \"${PODS_ROOT}/Manifest.lock\" > /dev/null\nif [ $? != 0 ] ; then\n    # print error to STDERR\n    echo \"error: The sandbox is not in sync with the Podfile.lock. Run 'pod install' or update your CocoaPods installation.\" >&2\n    exit 1\nfi\n# This output is used by Xcode 'outputs' to avoid re-running this script phase.\necho \"SUCCESS\" > \"${SCRIPT_OUTPUT_FILE_0}\"\n";
			showEnvVarsInLog = 0;
		};
		D448EF74E0A035C37EE28BD8 /* [CP] Embed Pods Frameworks */ = {
			isa = PBXShellScriptBuildPhase;
			buildActionMask = 2147483647;
			files = (
			);
			inputFileListPaths = (
				"${PODS_ROOT}/Target Support Files/Pods-SSID Demo/Pods-SSID Demo-frameworks-${CONFIGURATION}-input-files.xcfilelist",
			);
			name = "[CP] Embed Pods Frameworks";
			outputFileListPaths = (
				"${PODS_ROOT}/Target Support Files/Pods-SSID Demo/Pods-SSID Demo-frameworks-${CONFIGURATION}-output-files.xcfilelist",
			);
			runOnlyForDeploymentPostprocessing = 0;
			shellPath = /bin/sh;
			shellScript = "\"${PODS_ROOT}/Target Support Files/Pods-SSID Demo/Pods-SSID Demo-frameworks.sh\"\n";
			showEnvVarsInLog = 0;
		};
/* End PBXShellScriptBuildPhase section */

/* Begin PBXSourcesBuildPhase section */
		0ACA750E261595F600A1A5FD /* Sources */ = {
			isa = PBXSourcesBuildPhase;
			buildActionMask = 2147483647;
			files = (
				0A8D6BA72615E7ED00F538C6 /* Data.m in Sources */,
				0ACA751D261595F600A1A5FD /* ViewController.m in Sources */,
				0A8D6BAB2615EAD000F538C6 /* NetworkInfo.m in Sources */,
				0ACA7517261595F600A1A5FD /* AppDelegate.m in Sources */,
				0AD6B9812616F20F00EAB63C /* DisplayViewController.m in Sources */,
				0ACA7528261595F700A1A5FD /* main.m in Sources */,
				0ACA751A261595F600A1A5FD /* SceneDelegate.m in Sources */,
			);
			runOnlyForDeploymentPostprocessing = 0;
		};
/* End PBXSourcesBuildPhase section */

/* Begin PBXVariantGroup section */
		0ACA751E261595F600A1A5FD /* Main.storyboard */ = {
			isa = PBXVariantGroup;
			children = (
				0ACA751F261595F600A1A5FD /* Base */,
			);
			name = Main.storyboard;
			sourceTree = "<group>";
		};
		0ACA7523261595F700A1A5FD /* LaunchScreen.storyboard */ = {
			isa = PBXVariantGroup;
			children = (
				0ACA7524261595F700A1A5FD /* Base */,
			);
			name = LaunchScreen.storyboard;
			sourceTree = "<group>";
		};
/* End PBXVariantGroup section */

/* Begin XCBuildConfiguration section */
		0ACA7529261595F700A1A5FD /* Debug */ = {
			isa = XCBuildConfiguration;
			buildSettings = {
				ALWAYS_SEARCH_USER_PATHS = NO;
				CLANG_ANALYZER_NONNULL = YES;
				CLANG_ANALYZER_NUMBER_OBJECT_CONVERSION = YES_AGGRESSIVE;
				CLANG_CXX_LANGUAGE_STANDARD = "gnu++14";
				CLANG_CXX_LIBRARY = "libc++";
				CLANG_ENABLE_MODULES = YES;
				CLANG_ENABLE_OBJC_ARC = YES;
				CLANG_ENABLE_OBJC_WEAK = YES;
				CLANG_WARN_BLOCK_CAPTURE_AUTORELEASING = YES;
				CLANG_WARN_BOOL_CONVERSION = YES;
				CLANG_WARN_COMMA = YES;
				CLANG_WARN_CONSTANT_CONVERSION = YES;
				CLANG_WARN_DEPRECATED_OBJC_IMPLEMENTATIONS = YES;
				CLANG_WARN_DIRECT_OBJC_ISA_USAGE = YES_ERROR;
				CLANG_WARN_DOCUMENTATION_COMMENTS = YES;
				CLANG_WARN_EMPTY_BODY = YES;
				CLANG_WARN_ENUM_CONVERSION = YES;
				CLANG_WARN_INFINITE_RECURSION = YES;
				CLANG_WARN_INT_CONVERSION = YES;
				CLANG_WARN_NON_LITERAL_NULL_CONVERSION = YES;
				CLANG_WARN_OBJC_IMPLICIT_RETAIN_SELF = YES;
				CLANG_WARN_OBJC_LITERAL_CONVERSION = YES;
				CLANG_WARN_OBJC_ROOT_CLASS = YES_ERROR;
				CLANG_WARN_QUOTED_INCLUDE_IN_FRAMEWORK_HEADER = YES;
				CLANG_WARN_RANGE_LOOP_ANALYSIS = YES;
				CLANG_WARN_STRICT_PROTOTYPES = YES;
				CLANG_WARN_SUSPICIOUS_MOVE = YES;
				CLANG_WARN_UNGUARDED_AVAILABILITY = YES_AGGRESSIVE;
				CLANG_WARN_UNREACHABLE_CODE = YES;
				CLANG_WARN__DUPLICATE_METHOD_MATCH = YES;
				COPY_PHASE_STRIP = NO;
				DEBUG_INFORMATION_FORMAT = dwarf;
				ENABLE_STRICT_OBJC_MSGSEND = YES;
				ENABLE_TESTABILITY = YES;
				GCC_C_LANGUAGE_STANDARD = gnu11;
				GCC_DYNAMIC_NO_PIC = NO;
				GCC_NO_COMMON_BLOCKS = YES;
				GCC_OPTIMIZATION_LEVEL = 0;
				GCC_PREPROCESSOR_DEFINITIONS = (
					"DEBUG=1",
					"$(inherited)",
				);
				GCC_WARN_64_TO_32_BIT_CONVERSION = YES;
				GCC_WARN_ABOUT_RETURN_TYPE = YES_ERROR;
				GCC_WARN_UNDECLARED_SELECTOR = YES;
				GCC_WARN_UNINITIALIZED_AUTOS = YES_AGGRESSIVE;
				GCC_WARN_UNUSED_FUNCTION = YES;
				GCC_WARN_UNUSED_VARIABLE = YES;
				IPHONEOS_DEPLOYMENT_TARGET = 14.4;
				MTL_ENABLE_DEBUG_INFO = INCLUDE_SOURCE;
				MTL_FAST_MATH = YES;
				ONLY_ACTIVE_ARCH = YES;
				SDKROOT = iphoneos;
			};
			name = Debug;
		};
		0ACA752A261595F700A1A5FD /* Release */ = {
			isa = XCBuildConfiguration;
			buildSettings = {
				ALWAYS_SEARCH_USER_PATHS = NO;
				CLANG_ANALYZER_NONNULL = YES;
				CLANG_ANALYZER_NUMBER_OBJECT_CONVERSION = YES_AGGRESSIVE;
				CLANG_CXX_LANGUAGE_STANDARD = "gnu++14";
				CLANG_CXX_LIBRARY = "libc++";
				CLANG_ENABLE_MODULES = YES;
				CLANG_ENABLE_OBJC_ARC = YES;
				CLANG_ENABLE_OBJC_WEAK = YES;
				CLANG_WARN_BLOCK_CAPTURE_AUTORELEASING = YES;
				CLANG_WARN_BOOL_CONVERSION = YES;
				CLANG_WARN_COMMA = YES;
				CLANG_WARN_CONSTANT_CONVERSION = YES;
				CLANG_WARN_DEPRECATED_OBJC_IMPLEMENTATIONS = YES;
				CLANG_WARN_DIRECT_OBJC_ISA_USAGE = YES_ERROR;
				CLANG_WARN_DOCUMENTATION_COMMENTS = YES;
				CLANG_WARN_EMPTY_BODY = YES;
				CLANG_WARN_ENUM_CONVERSION = YES;
				CLANG_WARN_INFINITE_RECURSION = YES;
				CLANG_WARN_INT_CONVERSION = YES;
				CLANG_WARN_NON_LITERAL_NULL_CONVERSION = YES;
				CLANG_WARN_OBJC_IMPLICIT_RETAIN_SELF = YES;
				CLANG_WARN_OBJC_LITERAL_CONVERSION = YES;
				CLANG_WARN_OBJC_ROOT_CLASS = YES_ERROR;
				CLANG_WARN_QUOTED_INCLUDE_IN_FRAMEWORK_HEADER = YES;
				CLANG_WARN_RANGE_LOOP_ANALYSIS = YES;
				CLANG_WARN_STRICT_PROTOTYPES = YES;
				CLANG_WARN_SUSPICIOUS_MOVE = YES;
				CLANG_WARN_UNGUARDED_AVAILABILITY = YES_AGGRESSIVE;
				CLANG_WARN_UNREACHABLE_CODE = YES;
				CLANG_WARN__DUPLICATE_METHOD_MATCH = YES;
				COPY_PHASE_STRIP = NO;
				DEBUG_INFORMATION_FORMAT = "dwarf-with-dsym";
				ENABLE_NS_ASSERTIONS = NO;
				ENABLE_STRICT_OBJC_MSGSEND = YES;
				GCC_C_LANGUAGE_STANDARD = gnu11;
				GCC_NO_COMMON_BLOCKS = YES;
				GCC_WARN_64_TO_32_BIT_CONVERSION = YES;
				GCC_WARN_ABOUT_RETURN_TYPE = YES_ERROR;
				GCC_WARN_UNDECLARED_SELECTOR = YES;
				GCC_WARN_UNINITIALIZED_AUTOS = YES_AGGRESSIVE;
				GCC_WARN_UNUSED_FUNCTION = YES;
				GCC_WARN_UNUSED_VARIABLE = YES;
				IPHONEOS_DEPLOYMENT_TARGET = 14.4;
				MTL_ENABLE_DEBUG_INFO = NO;
				MTL_FAST_MATH = YES;
				SDKROOT = iphoneos;
				VALIDATE_PRODUCT = YES;
			};
			name = Release;
		};
		0ACA752C261595F700A1A5FD /* Debug */ = {
			isa = XCBuildConfiguration;
			baseConfigurationReference = E05CDDAE82F6D13EA7F7B5AC /* Pods-SSID Demo.debug.xcconfig */;
			buildSettings = {
				ASSETCATALOG_COMPILER_APPICON_NAME = AppIcon;
				ASSETCATALOG_COMPILER_GLOBAL_ACCENT_COLOR_NAME = AccentColor;
				CODE_SIGN_ENTITLEMENTS = "SSID Demo/SSID Demo.entitlements";
				CODE_SIGN_STYLE = Automatic;
				DEVELOPMENT_TEAM = W7L4R4H24A;
				INFOPLIST_FILE = "SSID Demo/Info.plist";
				IPHONEOS_DEPLOYMENT_TARGET = 14.1;
				LD_RUNPATH_SEARCH_PATHS = (
					"$(inherited)",
					"@executable_path/Frameworks",
				);
				PRODUCT_BUNDLE_IDENTIFIER = "com.tencent.kv.tagSelector.SSID-Demo";
				PRODUCT_NAME = "$(TARGET_NAME)";
				TARGETED_DEVICE_FAMILY = "1,2";
			};
			name = Debug;
		};
		0ACA752D261595F700A1A5FD /* Release */ = {
			isa = XCBuildConfiguration;
			baseConfigurationReference = 644152AEF711EE450304CBF2 /* Pods-SSID Demo.release.xcconfig */;
			buildSettings = {
				ASSETCATALOG_COMPILER_APPICON_NAME = AppIcon;
				ASSETCATALOG_COMPILER_GLOBAL_ACCENT_COLOR_NAME = AccentColor;
				CODE_SIGN_ENTITLEMENTS = "SSID Demo/SSID Demo.entitlements";
				CODE_SIGN_STYLE = Automatic;
				DEVELOPMENT_TEAM = W7L4R4H24A;
				INFOPLIST_FILE = "SSID Demo/Info.plist";
				IPHONEOS_DEPLOYMENT_TARGET = 14.1;
				LD_RUNPATH_SEARCH_PATHS = (
					"$(inherited)",
					"@executable_path/Frameworks",
				);
				PRODUCT_BUNDLE_IDENTIFIER = "com.tencent.kv.tagSelector.SSID-Demo";
				PRODUCT_NAME = "$(TARGET_NAME)";
				TARGETED_DEVICE_FAMILY = "1,2";
			};
			name = Release;
		};
/* End XCBuildConfiguration section */

/* Begin XCConfigurationList section */
		0ACA750D261595F600A1A5FD /* Build configuration list for PBXProject "SSID Demo" */ = {
			isa = XCConfigurationList;
			buildConfigurations = (
				0ACA7529261595F700A1A5FD /* Debug */,
				0ACA752A261595F700A1A5FD /* Release */,
			);
			defaultConfigurationIsVisible = 0;
			defaultConfigurationName = Release;
		};
		0ACA752B261595F700A1A5FD /* Build configuration list for PBXNativeTarget "SSID Demo" */ = {
			isa = XCConfigurationList;
			buildConfigurations = (
				0ACA752C261595F700A1A5FD /* Debug */,
				0ACA752D261595F700A1A5FD /* Release */,
			);
			defaultConfigurationIsVisible = 0;
			defaultConfigurationName = Release;
		};
/* End XCConfigurationList section */
	};
	rootObject = 0ACA750A261595F600A1A5FD /* Project object */;
}
